<?xml version="1.0" encoding="utf-8"?>
<Project ToolsVersion="4.0" xmlns="http://schemas.microsoft.com/developer/msbuild/2003">
  <ItemGroup>
    <Filter Include="Source Files">
      <UniqueIdentifier>{4FC737F1-C7A5-4376-A066-2A32D752A2FF}</UniqueIdentifier>
      <Extensions>cpp;c;cc;cxx;c++;cppm;ixx;def;odl;idl;hpj;bat;asm;asmx</Extensions>
    </Filter>
    <Filter Include="Header Files">
      <UniqueIdentifier>{93995380-89BD-4b04-88EB-625FBE52EBFB}</UniqueIdentifier>
      <Extensions>h;hh;hpp;hxx;h++;hm;inl;inc;ipp;xsd</Extensions>
    </Filter>
    <Filter Include="Resource Files">
      <UniqueIdentifier>{67DA6AB6-F800-4c08-8B7A-83BB121AAD01}</UniqueIdentifier>
      <Extensions>rc;ico;cur;bmp;dlg;rc2;rct;bin;rgs;gif;jpg;jpeg;jpe;resx;tiff;tif;png;wav;mfcribbon-ms</Extensions>
    </Filter>
  </ItemGroup>
  <ItemGroup>
    <ClCompile Include="main.cpp">
      <Filter>Source Files</Filter>
    </ClCompile>
    <ClCompile Include="objects\cube\cube.cpp">
      <Filter>Source Files</Filter>
    </ClCompile>
    <ClCompile Include="objects\robot\robot1.cpp">
      <Filter>Source Files</Filter>
    </ClCompile>
    <ClCompile Include="objects\cylinder\cylinder.cpp">
      <Filter>Source Files</Filter>
    </ClCompile>
    <ClCompile Include="core\camera.cpp">
      <Filter>Source Files</Filter>
    </ClCompile>
    <ClCompile Include="core\lighting.cpp">
      <Filter>Source Files</Filter>
    </ClCompile>
    <ClCompile Include="core\axes.cpp">
      <Filter>Source Files</Filter>
    </ClCompile>
    <ClCompile Include="objects\sphere\sphere.cpp">
      <Filter>Source Files</Filter>
    </ClCompile>
    <ClCompile Include="objects\cylinder\cylinder1.cpp">
      <Filter>Source Files</Filter>
    </ClCompile>
    <ClCompile Include="core\ui.cpp">
      <Filter>Source Files</Filter>
    </ClCompile>
    <ClCompile Include="core\shaders.cpp">
      <Filter>Source Files</Filter>
    </ClCompile>
    <ClCompile Include="core\openGL.cpp">
      <Filter>Source Files</Filter>
    </ClCompile>
    <ClCompile Include="core\textfile.cpp">
      <Filter>Source Files</Filter>
    </ClCompile>
    <ClCompile Include="objects\cabinet.cpp">
      <Filter>Source Files</Filter>
    </ClCompile>
    <ClCompile Include="objects\chair.cpp">
      <Filter>Source Files</Filter>
    </ClCompile>
    <ClCompile Include="objects\sphere\computer.cpp">
      <Filter>Source Files</Filter>
    </ClCompile>
    <ClCompile Include="objects\table.cpp">
      <Filter>Source Files</Filter>
    </ClCompile>
    <ClCompile Include="objects\computer.cpp">
      <Filter>Source Files</Filter>
    </ClCompile>
    <ClCompile Include="objects\keyboard.cpp">
      <Filter>Source Files</Filter>
    </ClCompile>
    <ClCompile Include="objects\lamp.cpp">
      <Filter>Source Files</Filter>
    </ClCompile>
    <ClCompile Include="objects\planeStore.cpp">
      <Filter>Source Files</Filter>
    </ClCompile>
    <ClCompile Include="objects\mouse.cpp">
      <Filter>Source Files</Filter>
    </ClCompile>
    <ClCompile Include="objects\shelf.cpp">
      <Filter>Source Files</Filter>
    </ClCompile>
    <ClCompile Include="objects\sign.cpp">
      <Filter>Source Files</Filter>
    </ClCompile>
    <ClCompile Include="objects\testObject.cpp">
      <Filter>Source Files</Filter>
    </ClCompile>
    <ClCompile Include="core\InitShader.cpp">
      <Filter>Source Files</Filter>
    </ClCompile>
    <ClCompile Include="objects\RobotStore.cpp">
      <Filter>Source Files</Filter>
    </ClCompile>
    <ClCompile Include="objects\plane\plane.cpp">
      <Filter>Source Files</Filter>
    </ClCompile>
    <ClCompile Include="objects\robot\robot2.cpp">
      <Filter>Source Files</Filter>
    </ClCompile>
    <ClCompile Include="objects\hemisphere\hemisphere.cpp">
      <Filter>Source Files</Filter>
    </ClCompile>
  </ItemGroup>
  <ItemGroup>
    <ClInclude Include="object\include\cube.h">
      <Filter>Header Files</Filter>
    </ClInclude>
    <ClInclude Include="include\core\camera.h">
      <Filter>Header Files</Filter>
    </ClInclude>
    <ClInclude Include="include\core\lighting.h">
      <Filter>Header Files</Filter>
    </ClInclude>
    <ClInclude Include="include\core\openGL.h">
      <Filter>Header Files</Filter>
    </ClInclude>
    <ClInclude Include="include\core\shaders.h">
      <Filter>Header Files</Filter>
    </ClInclude>
    <ClInclude Include="include\objects\robot1.h">
      <Filter>Header Files</Filter>
    </ClInclude>
    <ClInclude Include="include\objects\cylinder.h">
      <Filter>Header Files</Filter>
    </ClInclude>
    <ClInclude Include="include\core\environment.h">
      <Filter>Header Files</Filter>
    </ClInclude>
    <ClInclude Include="include\core\axes.h">
      <Filter>Header Files</Filter>
    </ClInclude>
    <ClInclude Include="include\objects\sphere.h">
      <Filter>Header Files</Filter>
    </ClInclude>
    <ClInclude Include="include\objects\cylinder1.h">
      <Filter>Header Files</Filter>
    </ClInclude>
    <ClInclude Include="include\core\ui.h">
      <Filter>Header Files</Filter>
    </ClInclude>
    <ClInclude Include="include\core\textfile.h">
      <Filter>Header Files</Filter>
    </ClInclude>
    <ClInclude Include="include\core\vec.h">
      <Filter>Header Files</Filter>
    </ClInclude>
    <ClInclude Include="include\core\mat.h">
      <Filter>Header Files</Filter>
    </ClInclude>
    <ClInclude Include="include\core\mat_old_from_angel.h">
      <Filter>Header Files</Filter>
    </ClInclude>
    <ClInclude Include="include\core\CheckError.h">
      <Filter>Header Files</Filter>
    </ClInclude>
    <ClInclude Include="include\core\Angel.h">
      <Filter>Header Files</Filter>
    </ClInclude>
    <ClInclude Include="include\objects\cube.h">
      <Filter>Header Files</Filter>
    </ClInclude>
    <ClInclude Include="include\objects\cabinet.h">
      <Filter>Header Files</Filter>
    </ClInclude>
    <ClInclude Include="include\objects\chair.h">
      <Filter>Header Files</Filter>
    </ClInclude>
    <ClInclude Include="include\objects\computer.h">
      <Filter>Header Files</Filter>
    </ClInclude>
    <ClInclude Include="include\objects\keyboard.h">
      <Filter>Header Files</Filter>
    </ClInclude>
    <ClInclude Include="include\objects\lamp.h">
      <Filter>Header Files</Filter>
    </ClInclude>
    <ClInclude Include="include\objects\table.h">
      <Filter>Header Files</Filter>
    </ClInclude>
    <ClInclude Include="include\objects\sign.h">
      <Filter>Header Files</Filter>
    </ClInclude>
    <ClInclude Include="include\objects\shelf.h">
      <Filter>Header Files</Filter>
    </ClInclude>
    <ClInclude Include="include\objects\mouse.h">
      <Filter>Header Files</Filter>
    </ClInclude>
    <ClInclude Include="include\objects\planeStore.h">
      <Filter>Header Files</Filter>
    </ClInclude>
    <ClInclude Include="include\objects\testObject.h">
      <Filter>Header Files</Filter>
    </ClInclude>
    <ClInclude Include="include\core\stb_image.h">
      <Filter>Header Files</Filter>
    </ClInclude>
    <ClInclude Include="include\objects\RobotStore.h">
      <Filter>Header Files</Filter>
    </ClInclude>
    <ClInclude Include="include\objects\plane.h">
      <Filter>Header Files</Filter>
    </ClInclude>
    <ClInclude Include="include\objects\robot2.h">
      <Filter>Header Files</Filter>
    </ClInclude>
    <ClInclude Include="include\objects\hemisphere.h">
      <Filter>Header Files</Filter>
    </ClInclude>
  </ItemGroup>
  <ItemGroup>
    <None Include="objects\fShader.glsl" />
    <None Include="objects\vShader.glsl" />
  </ItemGroup>
</Project>